
Microsoft Visual Studio Solution File, Format Version 12.00
# Visual Studio Version 17
VisualStudioVersion = 17.9.34607.119
MinimumVisualStudioVersion = 10.0.40219.1
Project("{FAE04EC0-301F-11D3-BF4B-00C04F79EFBC}") = "Task2", "Task2\Task2.csproj", "{641C676C-6DAD-431D-971B-3A7918AE04E6}"
EndProject
Global
	GlobalSection(SolutionConfigurationPlatforms) = preSolution
		Debug|Any CPU = Debug|Any CPU
		Release|Any CPU = Release|Any CPU
	EndGlobalSection
	GlobalSection(ProjectConfigurationPlatforms) = postSolution
		{641C676C-6DAD-431D-971B-3A7918AE04E6}.Debug|Any CPU.ActiveCfg = Debug|Any CPU
		{641C676C-6DAD-431D-971B-3A7918AE04E6}.Debug|Any CPU.Build.0 = Debug|Any CPU
		{641C676C-6DAD-431D-971B-3A7918AE04E6}.Release|Any CPU.ActiveCfg = Release|Any CPU
		{641C676C-6DAD-431D-971B-3A7918AE04E6}.Release|Any CPU.Build.0 = Release|Any CPU
	EndGlobalSection
	GlobalSection(SolutionProperties) = preSolution
		HideSolutionNode = FALSE
	EndGlobalSection
	GlobalSection(ExtensibilityGlobals) = postSolution
		SolutionGuid = {0B64C86E-D1A8-4AD6-A844-9FE1B7B35CD5}
	EndGlobalSection
EndGlobal
